
Microsoft Visual Studio Solution File, Format Version 12.00
# Visual Studio Version 17
VisualStudioVersion = 17.5.33530.505
MinimumVisualStudioVersion = 10.0.40219.1
Project("{2150E333-8FDC-42A3-9474-1A3956D46DE8}") = "src", "src", "{56F3DB30-64ED-44D5-808A-3EAACAEF649F}"
EndProject
Project("{2150E333-8FDC-42A3-9474-1A3956D46DE8}") = "Api", "Api", "{987BE20D-538B-4F46-8015-4E3B23ED7144}"
EndProject
Project("{2150E333-8FDC-42A3-9474-1A3956D46DE8}") = "Clients", "Clients", "{625C40BD-1892-4E46-84D4-7FED08989013}"
EndProject
Project("{2150E333-8FDC-42A3-9474-1A3956D46DE8}") = "Common", "Common", "{6E3DBFCF-FD88-4DEB-8A93-90FB0DA6647A}"
EndProject
Project("{2150E333-8FDC-42A3-9474-1A3956D46DE8}") = "Projections", "Projections", "{7A3B7C99-99C5-4EB5-AA84-3AE6B741062A}"
EndProject
Project("{2150E333-8FDC-42A3-9474-1A3956D46DE8}") = "Core", "Core", "{35AD625D-74A0-440E-8341-7D1C57BBD430}"
EndProject
Project("{2150E333-8FDC-42A3-9474-1A3956D46DE8}") = "Infrastructure", "Infrastructure", "{464CDA38-0A6C-41EF-A9E3-A2B9287CBF03}"
EndProject
Project("{2150E333-8FDC-42A3-9474-1A3956D46DE8}") = "WebApi", "WebApi", "{985C12EC-8E23-47CD-AEE6-83DC9B5F279B}"
EndProject
Project("{2150E333-8FDC-42A3-9474-1A3956D46DE8}") = "BlazorWeb", "BlazorWeb", "{D1B25D45-E76F-49B2-A3F3-7922197B9682}"
EndProject
Project("{9A19103F-16F7-4668-BE54-9A1E7A4F7556}") = "BlazorSozluk.Common", "src\Common\BlazorSozluk.Common\BlazorSozluk.Common.csproj", "{3C3BE98B-60D1-4E03-ABA4-7C257000BF11}"
EndProject
Project("{9A19103F-16F7-4668-BE54-9A1E7A4F7556}") = "BlazorSozluk.Api.Domain", "src\Api\Core\BlazorSozluk.Api.Domain\BlazorSozluk.Api.Domain.csproj", "{F05C765E-039B-4B0F-9B28-76960248BEB2}"
EndProject
Project("{9A19103F-16F7-4668-BE54-9A1E7A4F7556}") = "BlazorSozluk.Api.Application", "src\Api\Core\BlazorSozluk.Api.Application\BlazorSozluk.Api.Application.csproj", "{1294799E-5056-49E4-8ACE-9749CE5C695B}"
EndProject
Project("{9A19103F-16F7-4668-BE54-9A1E7A4F7556}") = "BlazorSozluk.Api.Infrastructure.Persistence", "src\Api\Infrastructure\BlazorSozluk.Infrastructure.Persistence\BlazorSozluk.Api.Infrastructure.Persistence.csproj", "{F7152B09-0FBC-4EDB-847C-E44929B9A4D2}"
EndProject
Project("{9A19103F-16F7-4668-BE54-9A1E7A4F7556}") = "BlazorSozluk.Api.WebApi", "src\Api\WebApi\BlazorSozluk.Api.WebApi\BlazorSozluk.Api.WebApi.csproj", "{63B55A13-3432-404E-84D3-B9A0BDD0880A}"
EndProject
Project("{9A19103F-16F7-4668-BE54-9A1E7A4F7556}") = "BlazorSozluk.Projections.FavoriteService", "src\Projections\BlazorSozluk.Projections.FavoriteService\BlazorSozluk.Projections.FavoriteService.csproj", "{FED6BA15-5AC9-4786-93F7-53BD62BA7A8B}"
EndProject
Project("{9A19103F-16F7-4668-BE54-9A1E7A4F7556}") = "BlazorSozluk.Projections.UserService", "src\Projections\BlazorSozluk.Projections.User\BlazorSozluk.Projections.UserService.csproj", "{B83F2299-F4C9-4AAB-8E8C-22ECC21E4061}"
EndProject
Project("{9A19103F-16F7-4668-BE54-9A1E7A4F7556}") = "BlazorSozluk.Projections.VoteService", "src\Projections\BlazorSozluk.Projections.VoteService\BlazorSozluk.Projections.VoteService.csproj", "{6A68F5B4-CC64-46AE-8A95-C5803EBEA43F}"
EndProject
Project("{9A19103F-16F7-4668-BE54-9A1E7A4F7556}") = "BlazorSozluk.WebApp", "src\Clients\BlazorWeb\BlazorSozluk.WebApp\BlazorSozluk.WebApp.csproj", "{C50089FE-5142-42C2-A0C5-A8660DCB9928}"
EndProject
Global
	GlobalSection(SolutionConfigurationPlatforms) = preSolution
		Debug|Any CPU = Debug|Any CPU
		Release|Any CPU = Release|Any CPU
	EndGlobalSection
	GlobalSection(ProjectConfigurationPlatforms) = postSolution
		{3C3BE98B-60D1-4E03-ABA4-7C257000BF11}.Debug|Any CPU.ActiveCfg = Debug|Any CPU
		{3C3BE98B-60D1-4E03-ABA4-7C257000BF11}.Debug|Any CPU.Build.0 = Debug|Any CPU
		{3C3BE98B-60D1-4E03-ABA4-7C257000BF11}.Release|Any CPU.ActiveCfg = Release|Any CPU
		{3C3BE98B-60D1-4E03-ABA4-7C257000BF11}.Release|Any CPU.Build.0 = Release|Any CPU
		{F05C765E-039B-4B0F-9B28-76960248BEB2}.Debug|Any CPU.ActiveCfg = Debug|Any CPU
		{F05C765E-039B-4B0F-9B28-76960248BEB2}.Debug|Any CPU.Build.0 = Debug|Any CPU
		{F05C765E-039B-4B0F-9B28-76960248BEB2}.Release|Any CPU.ActiveCfg = Release|Any CPU
		{F05C765E-039B-4B0F-9B28-76960248BEB2}.Release|Any CPU.Build.0 = Release|Any CPU
		{1294799E-5056-49E4-8ACE-9749CE5C695B}.Debug|Any CPU.ActiveCfg = Debug|Any CPU
		{1294799E-5056-49E4-8ACE-9749CE5C695B}.Debug|Any CPU.Build.0 = Debug|Any CPU
		{1294799E-5056-49E4-8ACE-9749CE5C695B}.Release|Any CPU.ActiveCfg = Release|Any CPU
		{1294799E-5056-49E4-8ACE-9749CE5C695B}.Release|Any CPU.Build.0 = Release|Any CPU
		{F7152B09-0FBC-4EDB-847C-E44929B9A4D2}.Debug|Any CPU.ActiveCfg = Debug|Any CPU
		{F7152B09-0FBC-4EDB-847C-E44929B9A4D2}.Debug|Any CPU.Build.0 = Debug|Any CPU
		{F7152B09-0FBC-4EDB-847C-E44929B9A4D2}.Release|Any CPU.ActiveCfg = Release|Any CPU
		{F7152B09-0FBC-4EDB-847C-E44929B9A4D2}.Release|Any CPU.Build.0 = Release|Any CPU
		{63B55A13-3432-404E-84D3-B9A0BDD0880A}.Debug|Any CPU.ActiveCfg = Debug|Any CPU
		{63B55A13-3432-404E-84D3-B9A0BDD0880A}.Debug|Any CPU.Build.0 = Debug|Any CPU
		{63B55A13-3432-404E-84D3-B9A0BDD0880A}.Release|Any CPU.ActiveCfg = Release|Any CPU
		{63B55A13-3432-404E-84D3-B9A0BDD0880A}.Release|Any CPU.Build.0 = Release|Any CPU
		{FED6BA15-5AC9-4786-93F7-53BD62BA7A8B}.Debug|Any CPU.ActiveCfg = Debug|Any CPU
		{FED6BA15-5AC9-4786-93F7-53BD62BA7A8B}.Debug|Any CPU.Build.0 = Debug|Any CPU
		{FED6BA15-5AC9-4786-93F7-53BD62BA7A8B}.Release|Any CPU.ActiveCfg = Release|Any CPU
		{FED6BA15-5AC9-4786-93F7-53BD62BA7A8B}.Release|Any CPU.Build.0 = Release|Any CPU
		{B83F2299-F4C9-4AAB-8E8C-22ECC21E4061}.Debug|Any CPU.ActiveCfg = Debug|Any CPU
		{B83F2299-F4C9-4AAB-8E8C-22ECC21E4061}.Debug|Any CPU.Build.0 = Debug|Any CPU
		{B83F2299-F4C9-4AAB-8E8C-22ECC21E4061}.Release|Any CPU.ActiveCfg = Release|Any CPU
		{B83F2299-F4C9-4AAB-8E8C-22ECC21E4061}.Release|Any CPU.Build.0 = Release|Any CPU
		{6A68F5B4-CC64-46AE-8A95-C5803EBEA43F}.Debug|Any CPU.ActiveCfg = Debug|Any CPU
		{6A68F5B4-CC64-46AE-8A95-C5803EBEA43F}.Debug|Any CPU.Build.0 = Debug|Any CPU
		{6A68F5B4-CC64-46AE-8A95-C5803EBEA43F}.Release|Any CPU.ActiveCfg = Release|Any CPU
		{6A68F5B4-CC64-46AE-8A95-C5803EBEA43F}.Release|Any CPU.Build.0 = Release|Any CPU
		{C50089FE-5142-42C2-A0C5-A8660DCB9928}.Debug|Any CPU.ActiveCfg = Debug|Any CPU
		{C50089FE-5142-42C2-A0C5-A8660DCB9928}.Debug|Any CPU.Build.0 = Debug|Any CPU
		{C50089FE-5142-42C2-A0C5-A8660DCB9928}.Release|Any CPU.ActiveCfg = Release|Any CPU
		{C50089FE-5142-42C2-A0C5-A8660DCB9928}.Release|Any CPU.Build.0 = Release|Any CPU
	EndGlobalSection
	GlobalSection(SolutionProperties) = preSolution
		HideSolutionNode = FALSE
	EndGlobalSection
	GlobalSection(NestedProjects) = preSolution
		{987BE20D-538B-4F46-8015-4E3B23ED7144} = {56F3DB30-64ED-44D5-808A-3EAACAEF649F}
		{625C40BD-1892-4E46-84D4-7FED08989013} = {56F3DB30-64ED-44D5-808A-3EAACAEF649F}
		{6E3DBFCF-FD88-4DEB-8A93-90FB0DA6647A} = {56F3DB30-64ED-44D5-808A-3EAACAEF649F}
		{7A3B7C99-99C5-4EB5-AA84-3AE6B741062A} = {56F3DB30-64ED-44D5-808A-3EAACAEF649F}
		{35AD625D-74A0-440E-8341-7D1C57BBD430} = {987BE20D-538B-4F46-8015-4E3B23ED7144}
		{464CDA38-0A6C-41EF-A9E3-A2B9287CBF03} = {987BE20D-538B-4F46-8015-4E3B23ED7144}
		{985C12EC-8E23-47CD-AEE6-83DC9B5F279B} = {987BE20D-538B-4F46-8015-4E3B23ED7144}
		{D1B25D45-E76F-49B2-A3F3-7922197B9682} = {625C40BD-1892-4E46-84D4-7FED08989013}
		{3C3BE98B-60D1-4E03-ABA4-7C257000BF11} = {6E3DBFCF-FD88-4DEB-8A93-90FB0DA6647A}
		{F05C765E-039B-4B0F-9B28-76960248BEB2} = {35AD625D-74A0-440E-8341-7D1C57BBD430}
		{1294799E-5056-49E4-8ACE-9749CE5C695B} = {35AD625D-74A0-440E-8341-7D1C57BBD430}
		{F7152B09-0FBC-4EDB-847C-E44929B9A4D2} = {464CDA38-0A6C-41EF-A9E3-A2B9287CBF03}
		{63B55A13-3432-404E-84D3-B9A0BDD0880A} = {985C12EC-8E23-47CD-AEE6-83DC9B5F279B}
		{FED6BA15-5AC9-4786-93F7-53BD62BA7A8B} = {7A3B7C99-99C5-4EB5-AA84-3AE6B741062A}
		{B83F2299-F4C9-4AAB-8E8C-22ECC21E4061} = {7A3B7C99-99C5-4EB5-AA84-3AE6B741062A}
		{6A68F5B4-CC64-46AE-8A95-C5803EBEA43F} = {7A3B7C99-99C5-4EB5-AA84-3AE6B741062A}
		{C50089FE-5142-42C2-A0C5-A8660DCB9928} = {D1B25D45-E76F-49B2-A3F3-7922197B9682}
	EndGlobalSection
	GlobalSection(ExtensibilityGlobals) = postSolution
		SolutionGuid = {6BEFB8BC-5459-43D9-B600-AC451EE2C0F9}
	EndGlobalSection
EndGlobal
